github.com/DataDog/zstd v1.4.5 h1:EndNeuB0l9syBZhut0wns3gV1hL8zX8LIu6ZiVHWLIQ=
github.com/DataDog/zstd v1.4.5/go.mod h1:1jcaCB/ufaK+sKp1NBhlGmpz41jOoPQ35bpF36t7BBo=
github.com/anaminus/but v0.2.0/go.mod h1:44z5qYo/3MWnZDi6ifH3IgrFWa1VFfdTttL3IYN/9R4=
github.com/bkaradzic/go-lz4 v1.0.0/go.mod h1:0YdlkowM3VswSROI7qDxhRvJ3sLhlFrRRwjwegp5jy4=
github.com/google/gopacket v1.1.17 h1:rMrlX2ZY2UbvT+sdz3+6J+pp2z+msCq9MxTU6ymxbBY=
github.com/google/gopacket v1.1.17/go.mod h1:UdDNZ1OO62aGYVnPhxT1U6aI7ukYtA/kB8vaU0diBUM=
github.com/gotk3/gotk3 v0.4.0 h1:TIuhyQitGeRTxOQIV3AJlYtEWWJpC74JHwAIsxlH8MU=
github.com/gotk3/gotk3 v0.4.0/go.mod h1:Eew3QBwAOBTrfFFDmsDE5wZWbcagBL1NUslj1GhRveo=
github.com/gotk3/gotk3 v0.4.1-0.20200630165726-104a10c1148f h1:gVEgtNE3Wxggi9cCv6Z08OUAAXkh6H5oTT86av0sipk=
github.com/gotk3/gotk3 v0.4.1-0.20200630165726-104a10c1148f/go.mod h1:/hqFpkNa9T3JgNAE2fLvCdov7c5bw//FHNZrZ3Uv9/Q=
github.com/olebedev/emitter v0.0.0-20190110104742-e8d1457e6aee h1:IquUs3fIykn10zWDIyddanhpTqBvAHMaPnFhQuyYw5U=
github.com/olebedev/emitter v0.0.0-20190110104742-e8d1457e6aee/go.mod h1:eT2/Pcsim3XBjbvldGiJBvvgiqZkAFyiOJJsDKXs/ts=
github.com/pierrec/xxHash v0.1.5 h1:n/jBpwTHiER4xYvK3/CdPVnLDPchj8eTJFFLUb4QHBo=
github.com/pierrec/xxHash v0.1.5/go.mod h1:w2waW5Zoa/Wc4Yqe0wgrIYAGKqRMf7czn2HNKXmuL+I=
github.com/robloxapi/rbxapi v0.1.0 h1:xcve5EgsdXRBfRu6e5y03lHbcELkAjTuRCDw8OX060I=
github.com/robloxapi/rbxapi v0.1.0/go.mod h1:YOxBbPE55ssodC1fGi8urHCDwntYrJg9FVjyY3sRX5o=
github.com/robloxapi/rbxfile v0.1.2 h1:tbOa5LitKkFI1x3Nd0PiBlOugezZcoFe9Sd0LsjTpxc=
github.com/robloxapi/rbxfile v0.1.2/go.mod h1:WxL42b4u+4douat8iRiomMkX02AfcdRlvju3+D9uxCk=
golang.org/x/crypto v0.0.0-20190308221718-c2843e01d9a2/go.mod h1:djNgcEr1/C05ACkg1iLfiJU5Ep61QUkGW8qpdssI0+w=
golang.org/x/net v0.0.0-20190404232315-eb5bcb51f2a3 h1:0GoQqolDA55aaLxZyTzK/Y2ePZzZTUrRacwib7cNsYQ=
golang.org/x/net v0.0.0-20190404232315-eb5bcb51f2a3/go.mod h1:t9HGtf8HONx5eT2rtn7q6eTqICYqUVnKs3thJo3Qplg=
golang.org/x/sys v0.0.0-20190215142949-d0b11bdaac8a/go.mod h1:STP8DvDyc/dI5b8T5hshtkjS+E42TnysNCUPdjciGhY=
golang.org/x/sys v0.0.0-20190405154228-4b34438f7a67 h1:1Fzlr8kkDLQwqMP8GxrhptBLqZG/EDpiATneiZHY998=
golang.org/x/sys v0.0.0-20190405154228-4b34438f7a67/go.mod h1:h1NjWce9XRLGQEsW7wpKNCjG9DtNlClVuFLEZdDNbEs=
golang.org/x/text v0.3.0/go.mod h1:NqM8EUOU14njkJ3fqMW+pc6Ldnwhi/IjpwHt7yyuwOQ=
