github.com/DataDog/zstd v1.4.5 h1:EndNeuB0l9syBZhut0wns3gV1hL8zX8LIu6ZiVHWLIQ=
github.com/DataDog/zstd v1.4.5/go.mod h1:1jcaCB/ufaK+sKp1NBhlGmpz41jOoPQ35bpF36t7BBo=
github.com/anaminus/but v0.2.0/go.mod h1:44z5qYo/3MWnZDi6ifH3IgrFWa1VFfdTttL3IYN/9R4=
github.com/bkaradzic/go-lz4 v1.0.0/go.mod h1:0YdlkowM3VswSROI7qDxhRvJ3sLhlFrRRwjwegp5jy4=
github.com/gotk3/gotk3 v0.4.0 h1:TIuhyQitGeRTxOQIV3AJlYtEWWJpC74JHwAIsxlH8MU=
github.com/gotk3/gotk3 v0.4.0/go.mod h1:Eew3QBwAOBTrfFFDmsDE5wZWbcagBL1NUslj1GhRveo=
github.com/olebedev/emitter v0.0.0-20190110104742-e8d1457e6aee h1:IquUs3fIykn10zWDIyddanhpTqBvAHMaPnFhQuyYw5U=
github.com/olebedev/emitter v0.0.0-20190110104742-e8d1457e6aee/go.mod h1:eT2/Pcsim3XBjbvldGiJBvvgiqZkAFyiOJJsDKXs/ts=
github.com/pierrec/xxHash v0.1.5 h1:n/jBpwTHiER4xYvK3/CdPVnLDPchj8eTJFFLUb4QHBo=
github.com/pierrec/xxHash v0.1.5/go.mod h1:w2waW5Zoa/Wc4Yqe0wgrIYAGKqRMf7czn2HNKXmuL+I=
github.com/robloxapi/rbxapi v0.1.0 h1:xcve5EgsdXRBfRu6e5y03lHbcELkAjTuRCDw8OX060I=
github.com/robloxapi/rbxapi v0.1.0/go.mod h1:YOxBbPE55ssodC1fGi8urHCDwntYrJg9FVjyY3sRX5o=
github.com/robloxapi/rbxfile v0.1.2 h1:tbOa5LitKkFI1x3Nd0PiBlOugezZcoFe9Sd0LsjTpxc=
github.com/robloxapi/rbxfile v0.1.2/go.mod h1:WxL42b4u+4douat8iRiomMkX02AfcdRlvju3+D9uxCk=
